
Microsoft Visual Studio Solution File, Format Version 12.00
# Visual Studio 2013
VisualStudioVersion = 12.0.21005.1
MinimumVisualStudioVersion = 10.0.40219.1
Project("{FAE04EC0-301F-11D3-BF4B-00C04F79EFBC}") = "CSIRO.Data.netCDF", "CSIRO.Data.netCDF\CSIRO.Data.netCDF.csproj", "{E025D8D0-1E3F-44A9-9915-3DD98CAF97EE}"
EndProject
Global
	GlobalSection(SolutionConfigurationPlatforms) = preSolution
		Debug|Any CPU = Debug|Any CPU
		Debug|x64 = Debug|x64
		Debug|x86 = Debug|x86
		Release|Any CPU = Release|Any CPU
		Release|x64 = Release|x64
		Release|x86 = Release|x86
	EndGlobalSection
	GlobalSection(ProjectConfigurationPlatforms) = postSolution
		{E025D8D0-1E3F-44A9-9915-3DD98CAF97EE}.Debug|Any CPU.ActiveCfg = Debug|Any CPU
		{E025D8D0-1E3F-44A9-9915-3DD98CAF97EE}.Debug|Any CPU.Build.0 = Debug|Any CPU
		{E025D8D0-1E3F-44A9-9915-3DD98CAF97EE}.Debug|x64.ActiveCfg = Debug|Any CPU
		{E025D8D0-1E3F-44A9-9915-3DD98CAF97EE}.Debug|x86.ActiveCfg = Debug|Any CPU
		{E025D8D0-1E3F-44A9-9915-3DD98CAF97EE}.Release|Any CPU.ActiveCfg = Release|Any CPU
		{E025D8D0-1E3F-44A9-9915-3DD98CAF97EE}.Release|Any CPU.Build.0 = Release|Any CPU
		{E025D8D0-1E3F-44A9-9915-3DD98CAF97EE}.Release|x64.ActiveCfg = Release|Any CPU
		{E025D8D0-1E3F-44A9-9915-3DD98CAF97EE}.Release|x86.ActiveCfg = Release|Any CPU
	EndGlobalSection
	GlobalSection(SolutionProperties) = preSolution
		HideSolutionNode = FALSE
	EndGlobalSection
	GlobalSection(TestCaseManagementSettings) = postSolution
		CategoryFile = Metaheuristics.vsmdi
	EndGlobalSection
EndGlobal
