
Microsoft Visual Studio Solution File, Format Version 12.00
# Visual Studio 2013
VisualStudioVersion = 12.0.30110.0
MinimumVisualStudioVersion = 10.0.40219.1
Project("{FAE04EC0-301F-11D3-BF4B-00C04F79EFBC}") = "CSIRO.Hpc.WindowsHpc", "CSIRO.Hpc.WindowsHpc\CSIRO.Hpc.WindowsHpc.csproj", "{5BE2901A-12FE-4AE5-AB78-A73EE8CE1BBD}"
EndProject
Project("{FAE04EC0-301F-11D3-BF4B-00C04F79EFBC}") = "CSIRO.TIME.Tools", "CSIRO.TIME.Tools\CSIRO.TIME.Tools.csproj", "{8AF9C5E4-3B1D-47A2-89FF-CE4ECDD958FD}"
EndProject
Project("{FAE04EC0-301F-11D3-BF4B-00C04F79EFBC}") = "TIME.Metaheuristics.Parallel", "TIME.Metaheuristics.Parallel\TIME.Metaheuristics.Parallel.csproj", "{656BB9C2-2E3D-497E-8881-8A27B6F5724A}"
EndProject
Global
	GlobalSection(SolutionConfigurationPlatforms) = preSolution
		Debug|Any CPU = Debug|Any CPU
		Debug|x64 = Debug|x64
		Debug|x86 = Debug|x86
		Release|Any CPU = Release|Any CPU
		Release|x64 = Release|x64
		Release|x86 = Release|x86
	EndGlobalSection
	GlobalSection(ProjectConfigurationPlatforms) = postSolution
		{5BE2901A-12FE-4AE5-AB78-A73EE8CE1BBD}.Debug|Any CPU.ActiveCfg = Debug|Any CPU
		{5BE2901A-12FE-4AE5-AB78-A73EE8CE1BBD}.Debug|Any CPU.Build.0 = Debug|Any CPU
		{5BE2901A-12FE-4AE5-AB78-A73EE8CE1BBD}.Debug|x64.ActiveCfg = Debug|Any CPU
		{5BE2901A-12FE-4AE5-AB78-A73EE8CE1BBD}.Debug|x86.ActiveCfg = Debug|Any CPU
		{5BE2901A-12FE-4AE5-AB78-A73EE8CE1BBD}.Release|Any CPU.ActiveCfg = Release|Any CPU
		{5BE2901A-12FE-4AE5-AB78-A73EE8CE1BBD}.Release|Any CPU.Build.0 = Release|Any CPU
		{5BE2901A-12FE-4AE5-AB78-A73EE8CE1BBD}.Release|x64.ActiveCfg = Release|Any CPU
		{5BE2901A-12FE-4AE5-AB78-A73EE8CE1BBD}.Release|x86.ActiveCfg = Release|Any CPU
		{8AF9C5E4-3B1D-47A2-89FF-CE4ECDD958FD}.Debug|Any CPU.ActiveCfg = Debug|Any CPU
		{8AF9C5E4-3B1D-47A2-89FF-CE4ECDD958FD}.Debug|Any CPU.Build.0 = Debug|Any CPU
		{8AF9C5E4-3B1D-47A2-89FF-CE4ECDD958FD}.Debug|x64.ActiveCfg = Debug|Any CPU
		{8AF9C5E4-3B1D-47A2-89FF-CE4ECDD958FD}.Debug|x86.ActiveCfg = Debug|Any CPU
		{8AF9C5E4-3B1D-47A2-89FF-CE4ECDD958FD}.Release|Any CPU.ActiveCfg = Release|Any CPU
		{8AF9C5E4-3B1D-47A2-89FF-CE4ECDD958FD}.Release|Any CPU.Build.0 = Release|Any CPU
		{8AF9C5E4-3B1D-47A2-89FF-CE4ECDD958FD}.Release|x64.ActiveCfg = Release|Any CPU
		{8AF9C5E4-3B1D-47A2-89FF-CE4ECDD958FD}.Release|x86.ActiveCfg = Release|Any CPU
		{656BB9C2-2E3D-497E-8881-8A27B6F5724A}.Debug|Any CPU.ActiveCfg = Debug|Any CPU
		{656BB9C2-2E3D-497E-8881-8A27B6F5724A}.Debug|Any CPU.Build.0 = Debug|Any CPU
		{656BB9C2-2E3D-497E-8881-8A27B6F5724A}.Debug|x64.ActiveCfg = Debug|Any CPU
		{656BB9C2-2E3D-497E-8881-8A27B6F5724A}.Debug|x86.ActiveCfg = Debug|Any CPU
		{656BB9C2-2E3D-497E-8881-8A27B6F5724A}.Release|Any CPU.ActiveCfg = Release|Any CPU
		{656BB9C2-2E3D-497E-8881-8A27B6F5724A}.Release|Any CPU.Build.0 = Release|Any CPU
		{656BB9C2-2E3D-497E-8881-8A27B6F5724A}.Release|x64.ActiveCfg = Release|Any CPU
		{656BB9C2-2E3D-497E-8881-8A27B6F5724A}.Release|x86.ActiveCfg = Release|Any CPU
	EndGlobalSection
	GlobalSection(SolutionProperties) = preSolution
		HideSolutionNode = FALSE
	EndGlobalSection
	GlobalSection(TestCaseManagementSettings) = postSolution
		CategoryFile = Metaheuristics.vsmdi
	EndGlobalSection
EndGlobal
