
Microsoft Visual Studio Solution File, Format Version 12.00
# Visual Studio 2013
VisualStudioVersion = 12.0.21005.1
MinimumVisualStudioVersion = 10.0.40219.1
Project("{FAE04EC0-301F-11D3-BF4B-00C04F79EFBC}") = "CSIRO.Hpc.WindowsHpc", "CSIRO.Hpc.WindowsHpc\CSIRO.Hpc.WindowsHpc.csproj", "{5BE2901A-12FE-4AE5-AB78-A73EE8CE1BBD}"
EndProject
Project("{FAE04EC0-301F-11D3-BF4B-00C04F79EFBC}") = "CSIRO.Metaheuristics.PestToMetaheuristics", "CSIRO.Metaheuristics.PestToMetaheuristics\CSIRO.Metaheuristics.PestToMetaheuristics.csproj", "{21DB2B40-963D-44F4-919B-9E20E24FC3BB}"
EndProject
Project("{FAE04EC0-301F-11D3-BF4B-00C04F79EFBC}") = "CSIRO.Metaheuristics.Source.UseCases", "CSIRO.Metaheuristics.Source.UseCases\CSIRO.Metaheuristics.Source.UseCases.csproj", "{B4A0C400-06E0-4135-B9DC-913C20F25E9D}"
EndProject
Project("{FAE04EC0-301F-11D3-BF4B-00C04F79EFBC}") = "CSIRO.TIME.GuiTools", "CSIRO.TIME.GuiTools\CSIRO.TIME.GuiTools.csproj", "{E45DC304-A83E-42B6-95E3-4FD36A51CEEC}"
EndProject
Project("{FAE04EC0-301F-11D3-BF4B-00C04F79EFBC}") = "CSIRO.TIME.Tools", "CSIRO.TIME.Tools\CSIRO.TIME.Tools.csproj", "{8AF9C5E4-3B1D-47A2-89FF-CE4ECDD958FD}"
EndProject
Project("{FAE04EC0-301F-11D3-BF4B-00C04F79EFBC}") = "TIME.Metaheuristics.Parallel", "TIME.Metaheuristics.Parallel\TIME.Metaheuristics.Parallel.csproj", "{656BB9C2-2E3D-497E-8881-8A27B6F5724A}"
EndProject
Global
	GlobalSection(SolutionConfigurationPlatforms) = preSolution
		Debug|Any CPU = Debug|Any CPU
		Debug|x64 = Debug|x64
		Debug|x86 = Debug|x86
		Release|Any CPU = Release|Any CPU
		Release|x64 = Release|x64
		Release|x86 = Release|x86
	EndGlobalSection
	GlobalSection(ProjectConfigurationPlatforms) = postSolution
		{5BE2901A-12FE-4AE5-AB78-A73EE8CE1BBD}.Debug|Any CPU.ActiveCfg = Debug|Any CPU
		{5BE2901A-12FE-4AE5-AB78-A73EE8CE1BBD}.Debug|Any CPU.Build.0 = Debug|Any CPU
		{5BE2901A-12FE-4AE5-AB78-A73EE8CE1BBD}.Debug|x64.ActiveCfg = Debug|Any CPU
		{5BE2901A-12FE-4AE5-AB78-A73EE8CE1BBD}.Debug|x86.ActiveCfg = Debug|Any CPU
		{5BE2901A-12FE-4AE5-AB78-A73EE8CE1BBD}.Release|Any CPU.ActiveCfg = Release|Any CPU
		{5BE2901A-12FE-4AE5-AB78-A73EE8CE1BBD}.Release|Any CPU.Build.0 = Release|Any CPU
		{5BE2901A-12FE-4AE5-AB78-A73EE8CE1BBD}.Release|x64.ActiveCfg = Release|Any CPU
		{5BE2901A-12FE-4AE5-AB78-A73EE8CE1BBD}.Release|x86.ActiveCfg = Release|Any CPU
		{21DB2B40-963D-44F4-919B-9E20E24FC3BB}.Debug|Any CPU.ActiveCfg = Debug|Any CPU
		{21DB2B40-963D-44F4-919B-9E20E24FC3BB}.Debug|Any CPU.Build.0 = Debug|Any CPU
		{21DB2B40-963D-44F4-919B-9E20E24FC3BB}.Debug|x64.ActiveCfg = Debug|Any CPU
		{21DB2B40-963D-44F4-919B-9E20E24FC3BB}.Debug|x86.ActiveCfg = Debug|x86
		{21DB2B40-963D-44F4-919B-9E20E24FC3BB}.Debug|x86.Build.0 = Debug|x86
		{21DB2B40-963D-44F4-919B-9E20E24FC3BB}.Release|Any CPU.ActiveCfg = Release|Any CPU
		{21DB2B40-963D-44F4-919B-9E20E24FC3BB}.Release|Any CPU.Build.0 = Release|Any CPU
		{21DB2B40-963D-44F4-919B-9E20E24FC3BB}.Release|x64.ActiveCfg = Release|Any CPU
		{21DB2B40-963D-44F4-919B-9E20E24FC3BB}.Release|x86.ActiveCfg = Release|x86
		{21DB2B40-963D-44F4-919B-9E20E24FC3BB}.Release|x86.Build.0 = Release|x86
		{B4A0C400-06E0-4135-B9DC-913C20F25E9D}.Debug|Any CPU.ActiveCfg = Debug|Any CPU
		{B4A0C400-06E0-4135-B9DC-913C20F25E9D}.Debug|Any CPU.Build.0 = Debug|Any CPU
		{B4A0C400-06E0-4135-B9DC-913C20F25E9D}.Debug|x64.ActiveCfg = Debug|x64
		{B4A0C400-06E0-4135-B9DC-913C20F25E9D}.Debug|x64.Build.0 = Debug|x64
		{B4A0C400-06E0-4135-B9DC-913C20F25E9D}.Debug|x86.ActiveCfg = Debug|Any CPU
		{B4A0C400-06E0-4135-B9DC-913C20F25E9D}.Release|Any CPU.ActiveCfg = Release|Any CPU
		{B4A0C400-06E0-4135-B9DC-913C20F25E9D}.Release|Any CPU.Build.0 = Release|Any CPU
		{B4A0C400-06E0-4135-B9DC-913C20F25E9D}.Release|x64.ActiveCfg = Release|x64
		{B4A0C400-06E0-4135-B9DC-913C20F25E9D}.Release|x64.Build.0 = Release|x64
		{B4A0C400-06E0-4135-B9DC-913C20F25E9D}.Release|x86.ActiveCfg = Release|Any CPU
		{E45DC304-A83E-42B6-95E3-4FD36A51CEEC}.Debug|Any CPU.ActiveCfg = Debug|Any CPU
		{E45DC304-A83E-42B6-95E3-4FD36A51CEEC}.Debug|Any CPU.Build.0 = Debug|Any CPU
		{E45DC304-A83E-42B6-95E3-4FD36A51CEEC}.Debug|x64.ActiveCfg = Debug|Any CPU
		{E45DC304-A83E-42B6-95E3-4FD36A51CEEC}.Debug|x86.ActiveCfg = Debug|x86
		{E45DC304-A83E-42B6-95E3-4FD36A51CEEC}.Debug|x86.Build.0 = Debug|x86
		{E45DC304-A83E-42B6-95E3-4FD36A51CEEC}.Release|Any CPU.ActiveCfg = Release|Any CPU
		{E45DC304-A83E-42B6-95E3-4FD36A51CEEC}.Release|Any CPU.Build.0 = Release|Any CPU
		{E45DC304-A83E-42B6-95E3-4FD36A51CEEC}.Release|x64.ActiveCfg = Release|Any CPU
		{E45DC304-A83E-42B6-95E3-4FD36A51CEEC}.Release|x86.ActiveCfg = Release|x86
		{E45DC304-A83E-42B6-95E3-4FD36A51CEEC}.Release|x86.Build.0 = Release|x86
		{8AF9C5E4-3B1D-47A2-89FF-CE4ECDD958FD}.Debug|Any CPU.ActiveCfg = Debug|Any CPU
		{8AF9C5E4-3B1D-47A2-89FF-CE4ECDD958FD}.Debug|Any CPU.Build.0 = Debug|Any CPU
		{8AF9C5E4-3B1D-47A2-89FF-CE4ECDD958FD}.Debug|x64.ActiveCfg = Debug|Any CPU
		{8AF9C5E4-3B1D-47A2-89FF-CE4ECDD958FD}.Debug|x86.ActiveCfg = Debug|Any CPU
		{8AF9C5E4-3B1D-47A2-89FF-CE4ECDD958FD}.Release|Any CPU.ActiveCfg = Release|Any CPU
		{8AF9C5E4-3B1D-47A2-89FF-CE4ECDD958FD}.Release|Any CPU.Build.0 = Release|Any CPU
		{8AF9C5E4-3B1D-47A2-89FF-CE4ECDD958FD}.Release|x64.ActiveCfg = Release|Any CPU
		{8AF9C5E4-3B1D-47A2-89FF-CE4ECDD958FD}.Release|x86.ActiveCfg = Release|Any CPU
		{656BB9C2-2E3D-497E-8881-8A27B6F5724A}.Debug|Any CPU.ActiveCfg = Debug|Any CPU
		{656BB9C2-2E3D-497E-8881-8A27B6F5724A}.Debug|Any CPU.Build.0 = Debug|Any CPU
		{656BB9C2-2E3D-497E-8881-8A27B6F5724A}.Debug|x64.ActiveCfg = Debug|Any CPU
		{656BB9C2-2E3D-497E-8881-8A27B6F5724A}.Debug|x86.ActiveCfg = Debug|Any CPU
		{656BB9C2-2E3D-497E-8881-8A27B6F5724A}.Release|Any CPU.ActiveCfg = Release|Any CPU
		{656BB9C2-2E3D-497E-8881-8A27B6F5724A}.Release|Any CPU.Build.0 = Release|Any CPU
		{656BB9C2-2E3D-497E-8881-8A27B6F5724A}.Release|x64.ActiveCfg = Release|Any CPU
		{656BB9C2-2E3D-497E-8881-8A27B6F5724A}.Release|x86.ActiveCfg = Release|Any CPU
	EndGlobalSection
	GlobalSection(SolutionProperties) = preSolution
		HideSolutionNode = FALSE
	EndGlobalSection
	GlobalSection(TestCaseManagementSettings) = postSolution
		CategoryFile = Metaheuristics.vsmdi
	EndGlobalSection
EndGlobal
